
Microsoft Visual Studio Solution File, Format Version 12.00
# Visual Studio Version 17
VisualStudioVersion = 17.0.31903.59
MinimumVisualStudioVersion = 10.0.40219.1
Project("{FAE04EC0-301F-11D3-BF4B-00C04F79EFBC}") = "ValidAnagram", "ValidAnagram\ValidAnagram.csproj", "{33B1994E-A864-4ED7-A561-1EBE4F9947EF}"
EndProject
Project("{FAE04EC0-301F-11D3-BF4B-00C04F79EFBC}") = "RomanToInteger", "RomanToInteger\RomanToInteger.csproj", "{36424E98-BCE7-4308-9433-EEC8AED9D051}"
EndProject
Project("{FAE04EC0-301F-11D3-BF4B-00C04F79EFBC}") = "BestTimeToBuyAndSellStock", "BestTimeToBuyAndSellStock\BestTimeToBuyAndSellStock.csproj", "{FE7A45F1-BF4D-4D06-99B2-9997A2621201}"
EndProject
Global
	GlobalSection(SolutionConfigurationPlatforms) = preSolution
		Debug|Any CPU = Debug|Any CPU
		Release|Any CPU = Release|Any CPU
	EndGlobalSection
	GlobalSection(SolutionProperties) = preSolution
		HideSolutionNode = FALSE
	EndGlobalSection
	GlobalSection(ProjectConfigurationPlatforms) = postSolution
		{33B1994E-A864-4ED7-A561-1EBE4F9947EF}.Debug|Any CPU.ActiveCfg = Debug|Any CPU
		{33B1994E-A864-4ED7-A561-1EBE4F9947EF}.Debug|Any CPU.Build.0 = Debug|Any CPU
		{33B1994E-A864-4ED7-A561-1EBE4F9947EF}.Release|Any CPU.ActiveCfg = Release|Any CPU
		{33B1994E-A864-4ED7-A561-1EBE4F9947EF}.Release|Any CPU.Build.0 = Release|Any CPU
		{36424E98-BCE7-4308-9433-EEC8AED9D051}.Debug|Any CPU.ActiveCfg = Debug|Any CPU
		{36424E98-BCE7-4308-9433-EEC8AED9D051}.Debug|Any CPU.Build.0 = Debug|Any CPU
		{36424E98-BCE7-4308-9433-EEC8AED9D051}.Release|Any CPU.ActiveCfg = Release|Any CPU
		{36424E98-BCE7-4308-9433-EEC8AED9D051}.Release|Any CPU.Build.0 = Release|Any CPU
		{FE7A45F1-BF4D-4D06-99B2-9997A2621201}.Debug|Any CPU.ActiveCfg = Debug|Any CPU
		{FE7A45F1-BF4D-4D06-99B2-9997A2621201}.Debug|Any CPU.Build.0 = Debug|Any CPU
		{FE7A45F1-BF4D-4D06-99B2-9997A2621201}.Release|Any CPU.ActiveCfg = Release|Any CPU
		{FE7A45F1-BF4D-4D06-99B2-9997A2621201}.Release|Any CPU.Build.0 = Release|Any CPU
	EndGlobalSection
EndGlobal
